<?xml version="1.0" encoding="utf-8"?>
<Project ToolsVersion="4.0" xmlns="http://schemas.microsoft.com/developer/msbuild/2003">
  <ItemGroup>
    <Filter Include="Source Code">
      <UniqueIdentifier>{4FC737F1-C7A5-4376-A066-2A32D752A2FF}</UniqueIdentifier>
      <Extensions>cpp;c;cc;cxx;c++;cppm;ixx;def;odl;idl;hpj;bat;asm;asmx</Extensions>
    </Filter>
    <Filter Include="Source Code\Includes">
      <UniqueIdentifier>{5fbd3e43-8066-476a-98a1-90f20d098c46}</UniqueIdentifier>
    </Filter>
  </ItemGroup>
  <ItemGroup>
    <ClInclude Include="Source Code\Includes\Common.h">
      <Filter>Source Code\Includes</Filter>
    </ClInclude>
    <ClInclude Include="Source Code\Includes\Window.h">
      <Filter>Source Code\Includes</Filter>
    </ClInclude>
    <ClInclude Include="Source Code\Includes\Renderer.h">
      <Filter>Source Code\Includes</Filter>
    </ClInclude>
  </ItemGroup>
  <ItemGroup>
    <ClCompile Include="Source Code\Window.cpp">
      <Filter>Source Code</Filter>
    </ClCompile>
    <ClCompile Include="Source Code\Renderer.cpp">
      <Filter>Source Code</Filter>
    </ClCompile>
    <ClCompile Include="Source Code\Main.cpp">
      <Filter>Source Code</Filter>
    </ClCompile>
  </ItemGroup>
  <ItemGroup>
    <Text Include="Source Code\CMakeLists.txt">
      <Filter>Source Code</Filter>
    </Text>
  </ItemGroup>
</Project>